
Microsoft Visual Studio Solution File, Format Version 12.00
# Visual Studio Version 17
VisualStudioVersion = 17.8.34511.84
MinimumVisualStudioVersion = 10.0.40219.1
Project("{FAE04EC0-301F-11D3-BF4B-00C04F79EFBC}") = "Secrets_Manager", "Secrets_Manager\Secrets_Manager.csproj", "{35BCEA52-5B69-48C3-9406-9682531FF8CA}"
EndProject
Global
	GlobalSection(SolutionConfigurationPlatforms) = preSolution
		Debug|Any CPU = Debug|Any CPU
		Release|Any CPU = Release|Any CPU
	EndGlobalSection
	GlobalSection(ProjectConfigurationPlatforms) = postSolution
		{35BCEA52-5B69-48C3-9406-9682531FF8CA}.Debug|Any CPU.ActiveCfg = Debug|Any CPU
		{35BCEA52-5B69-48C3-9406-9682531FF8CA}.Debug|Any CPU.Build.0 = Debug|Any CPU
		{35BCEA52-5B69-48C3-9406-9682531FF8CA}.Release|Any CPU.ActiveCfg = Release|Any CPU
		{35BCEA52-5B69-48C3-9406-9682531FF8CA}.Release|Any CPU.Build.0 = Release|Any CPU
	EndGlobalSection
	GlobalSection(SolutionProperties) = preSolution
		HideSolutionNode = FALSE
	EndGlobalSection
	GlobalSection(ExtensibilityGlobals) = postSolution
		SolutionGuid = {5F24D123-3F7A-490D-85BE-3F17BA97B702}
	EndGlobalSection
EndGlobal
